<?xml version="1.0" encoding="utf-8"?>
<Project ToolsVersion="4.0" xmlns="http://schemas.microsoft.com/developer/msbuild/2003">
  <ItemGroup>
    <Filter Include="Source Files">
      <UniqueIdentifier>{5dfbacbd-5520-401b-bf95-5ad28d6a896d}</UniqueIdentifier>
    </Filter>
    <Filter Include="Generated Files">
      <UniqueIdentifier>{3e3a03df-9eb7-45a0-9b6a-cbf88e9c56eb}</UniqueIdentifier>
      <SourceControlFiles>False</SourceControlFiles>
    </Filter>
  </ItemGroup>
  <ItemGroup>
    <None Include="inAppps.def" />
  </ItemGroup>
  <ItemGroup>
    <ClCompile Include="inApp_i.c">
      <Filter>Generated Files</Filter>
    </ClCompile>
    <ClCompile Include="inApp_p.c">
      <Filter>Generated Files</Filter>
    </ClCompile>
    <ClCompile Include="dlldata.c">
      <Filter>Generated Files</Filter>
    </ClCompile>
  </ItemGroup>
</Project>