<?xml version="1.0" encoding="utf-8"?>
<Project ToolsVersion="4.0" xmlns="http://schemas.microsoft.com/developer/msbuild/2003">
  <ItemGroup>
    <Filter Include="Source Files">
      <UniqueIdentifier>{4FC737F1-C7A5-4376-A066-2A32D752A2FF}</UniqueIdentifier>
      <Extensions>cpp;c;cc;cxx;def;odl;idl;hpj;bat;asm;asmx</Extensions>
    </Filter>
    <Filter Include="Header Files">
      <UniqueIdentifier>{93995380-89BD-4b04-88EB-625FBE52EBFB}</UniqueIdentifier>
      <Extensions>h;hpp;hxx;hm;inl;inc;xsd</Extensions>
    </Filter>
    <Filter Include="Resource Files">
      <UniqueIdentifier>{67DA6AB6-F800-4c08-8B7A-83BB121AAD01}</UniqueIdentifier>
      <Extensions>rc;ico;cur;bmp;dlg;rc2;rct;bin;rgs;gif;jpg;jpeg;jpe;resx;tiff;tif;png;wav;mfcribbon-ms</Extensions>
    </Filter>
    <Filter Include="Generated Files">
      <UniqueIdentifier>{523a421a-4897-4b9a-a53a-4ff212bc340b}</UniqueIdentifier>
      <SourceControlFiles>False</SourceControlFiles>
    </Filter>
    <Filter Include="HTTPConnection">
      <UniqueIdentifier>{5648bf54-63e5-4cf4-9122-9f3585e06c2a}</UniqueIdentifier>
    </Filter>
    <Filter Include="Events">
      <UniqueIdentifier>{ab027428-e845-49a0-908e-cb56cda270ec}</UniqueIdentifier>
    </Filter>
    <Filter Include="Include">
      <UniqueIdentifier>{0ba2f13f-aa40-4d06-a062-76d1dbd346a7}</UniqueIdentifier>
    </Filter>
    <Filter Include="StringUtils">
      <UniqueIdentifier>{b680939c-f720-4294-a3c5-4e04682cfb70}</UniqueIdentifier>
    </Filter>
  </ItemGroup>
  <ItemGroup>
    <ClCompile Include="stdafx.cpp">
      <Filter>Source Files</Filter>
    </ClCompile>
    <ClCompile Include="inApp.cpp">
      <Filter>Source Files</Filter>
    </ClCompile>
    <ClCompile Include="dllmain.cpp">
      <Filter>Source Files</Filter>
    </ClCompile>
    <ClCompile Include="inApp_i.c">
      <Filter>Generated Files</Filter>
    </ClCompile>
    <ClCompile Include="AdManager.cpp">
      <Filter>Source Files</Filter>
    </ClCompile>
    <ClCompile Include="InAppContainerWnd.cpp">
      <Filter>Source Files</Filter>
    </ClCompile>
    <ClCompile Include="BrowserWnd.cpp">
      <Filter>Source Files</Filter>
    </ClCompile>
    <ClCompile Include="BrowserEventListener.cpp">
      <Filter>Source Files</Filter>
    </ClCompile>
    <ClCompile Include="WindowsAPI.cpp">
      <Filter>Source Files</Filter>
    </ClCompile>
    <ClCompile Include="BrowserExtension.cpp">
      <Filter>Source Files</Filter>
    </ClCompile>
    <ClCompile Include="VariantUtils.cpp">
      <Filter>Source Files</Filter>
    </ClCompile>
    <ClCompile Include="IconWnd.cpp">
      <Filter>Source Files</Filter>
    </ClCompile>
    <ClCompile Include="BrowserCommandTarget.cpp">
      <Filter>Source Files</Filter>
    </ClCompile>
    <ClCompile Include="HTTPConnection\HTTPConnection.cpp">
      <Filter>HTTPConnection</Filter>
    </ClCompile>
    <ClCompile Include="Events\Event.cpp">
      <Filter>Events</Filter>
    </ClCompile>
    <ClCompile Include="Events\Parameter.cpp">
      <Filter>Events</Filter>
    </ClCompile>
    <ClCompile Include="Events\Parameters.cpp">
      <Filter>Events</Filter>
    </ClCompile>
    <ClCompile Include="Events\EventQuery.cpp">
      <Filter>Events</Filter>
    </ClCompile>
    <ClCompile Include="StringUtils\StringUtils.cpp">
      <Filter>StringUtils</Filter>
    </ClCompile>
  </ItemGroup>
  <ItemGroup>
    <ClInclude Include="stdafx.h">
      <Filter>Header Files</Filter>
    </ClInclude>
    <ClInclude Include="targetver.h">
      <Filter>Header Files</Filter>
    </ClInclude>
    <ClInclude Include="Resource.h">
      <Filter>Header Files</Filter>
    </ClInclude>
    <ClInclude Include="dllmain.h">
      <Filter>Header Files</Filter>
    </ClInclude>
    <ClInclude Include="inApp_i.h">
      <Filter>Generated Files</Filter>
    </ClInclude>
    <ClInclude Include="AdManager.h">
      <Filter>Header Files</Filter>
    </ClInclude>
    <ClInclude Include="InAppContainerWnd.h">
      <Filter>Header Files</Filter>
    </ClInclude>
    <ClInclude Include="GenericWnd.h">
      <Filter>Header Files</Filter>
    </ClInclude>
    <ClInclude Include="include\inAppSDK.h">
      <Filter>Include</Filter>
    </ClInclude>
    <ClInclude Include="BrowserWnd.h">
      <Filter>Header Files</Filter>
    </ClInclude>
    <ClInclude Include="BrowserEventListener.h">
      <Filter>Header Files</Filter>
    </ClInclude>
    <ClInclude Include="WindowsAPI.h">
      <Filter>Header Files</Filter>
    </ClInclude>
    <ClInclude Include="BrowserExtension.h">
      <Filter>Header Files</Filter>
    </ClInclude>
    <ClInclude Include="VariantUtils.h">
      <Filter>Header Files</Filter>
    </ClInclude>
    <ClInclude Include="IconWnd.h">
      <Filter>Header Files</Filter>
    </ClInclude>
    <ClInclude Include="BrowserCommandTarget.h">
      <Filter>Header Files</Filter>
    </ClInclude>
    <ClInclude Include="HTTPConnection\HTTPConnection.h">
      <Filter>HTTPConnection</Filter>
    </ClInclude>
    <ClInclude Include="config.h">
      <Filter>Header Files</Filter>
    </ClInclude>
    <ClInclude Include="Events\Event.h">
      <Filter>Events</Filter>
    </ClInclude>
    <ClInclude Include="Events\Functors.h">
      <Filter>Events</Filter>
    </ClInclude>
    <ClInclude Include="Events\Parameter.h">
      <Filter>Events</Filter>
    </ClInclude>
    <ClInclude Include="Events\Parameters.h">
      <Filter>Events</Filter>
    </ClInclude>
    <ClInclude Include="Events\BaseAPI.h">
      <Filter>Events</Filter>
    </ClInclude>
    <ClInclude Include="Events\EventQuery.h">
      <Filter>Events</Filter>
    </ClInclude>
    <ClInclude Include="StringUtils\StringUtils.h">
      <Filter>StringUtils</Filter>
    </ClInclude>
  </ItemGroup>
  <ItemGroup>
    <ResourceCompile Include="inApp.rc">
      <Filter>Resource Files</Filter>
    </ResourceCompile>
  </ItemGroup>
  <ItemGroup>
    <None Include="ReadMe.txt" />
    <None Include="inApp.rgs">
      <Filter>Resource Files</Filter>
    </None>
    <None Include="inApp.def">
      <Filter>Source Files</Filter>
    </None>
    <None Include="AdManager.rgs">
      <Filter>Resource Files</Filter>
    </None>
    <None Include="close.png">
      <Filter>Resource Files</Filter>
    </None>
  </ItemGroup>
  <ItemGroup>
    <Midl Include="inApp.idl">
      <Filter>Source Files</Filter>
    </Midl>
  </ItemGroup>
</Project>